
Microsoft Visual Studio Solution File, Format Version 12.00
# Visual Studio Version 17
VisualStudioVersion = 17.6.33723.286
MinimumVisualStudioVersion = 10.0.40219.1
Project("{FAE04EC0-301F-11D3-BF4B-00C04F79EFBC}") = "BMI", "BMI\BMI.csproj", "{B691ABD6-F5DA-418E-9A08-70C4FEF21713}"
EndProject
Global
	GlobalSection(SolutionConfigurationPlatforms) = preSolution
		Debug|Any CPU = Debug|Any CPU
		Release|Any CPU = Release|Any CPU
	EndGlobalSection
	GlobalSection(ProjectConfigurationPlatforms) = postSolution
		{B691ABD6-F5DA-418E-9A08-70C4FEF21713}.Debug|Any CPU.ActiveCfg = Debug|Any CPU
		{B691ABD6-F5DA-418E-9A08-70C4FEF21713}.Debug|Any CPU.Build.0 = Debug|Any CPU
		{B691ABD6-F5DA-418E-9A08-70C4FEF21713}.Release|Any CPU.ActiveCfg = Release|Any CPU
		{B691ABD6-F5DA-418E-9A08-70C4FEF21713}.Release|Any CPU.Build.0 = Release|Any CPU
	EndGlobalSection
	GlobalSection(SolutionProperties) = preSolution
		HideSolutionNode = FALSE
	EndGlobalSection
	GlobalSection(ExtensibilityGlobals) = postSolution
		SolutionGuid = {06328060-DAB9-4DE6-A889-19293B80BC5D}
	EndGlobalSection
EndGlobal
